
Microsoft Visual Studio Solution File, Format Version 12.00
# Visual Studio Version 17
VisualStudioVersion = 17.14.36414.22 d17.14
MinimumVisualStudioVersion = 10.0.40219.1
Project("{FAE04EC0-301F-11D3-BF4B-00C04F79EFBC}") = "EmployeeManagementSystem", "EmployeeManagementSystem\EmployeeManagementSystem.csproj", "{FE068512-71F3-4A0D-A7F2-5F44E4F815E8}"
EndProject
Global
	GlobalSection(SolutionConfigurationPlatforms) = preSolution
		Debug|Any CPU = Debug|Any CPU
		Release|Any CPU = Release|Any CPU
	EndGlobalSection
	GlobalSection(ProjectConfigurationPlatforms) = postSolution
		{FE068512-71F3-4A0D-A7F2-5F44E4F815E8}.Debug|Any CPU.ActiveCfg = Debug|Any CPU
		{FE068512-71F3-4A0D-A7F2-5F44E4F815E8}.Debug|Any CPU.Build.0 = Debug|Any CPU
		{FE068512-71F3-4A0D-A7F2-5F44E4F815E8}.Release|Any CPU.ActiveCfg = Release|Any CPU
		{FE068512-71F3-4A0D-A7F2-5F44E4F815E8}.Release|Any CPU.Build.0 = Release|Any CPU
	EndGlobalSection
	GlobalSection(SolutionProperties) = preSolution
		HideSolutionNode = FALSE
	EndGlobalSection
	GlobalSection(ExtensibilityGlobals) = postSolution
		SolutionGuid = {06E26A40-9BE4-42BF-8467-83BDFFE26DA0}
	EndGlobalSection
EndGlobal
